
Microsoft Visual Studio Solution File, Format Version 12.00
# Visual Studio Version 16
VisualStudioVersion = 16.0.30225.117
MinimumVisualStudioVersion = 10.0.40219.1
Project("{FAE04EC0-301F-11D3-BF4B-00C04F79EFBC}") = "AsyncInn", "AsyncInn\AsyncInn.csproj", "{56CA2990-1C0C-4FED-B215-074AFA8C232D}"
EndProject
Global
	GlobalSection(SolutionConfigurationPlatforms) = preSolution
		Debug|Any CPU = Debug|Any CPU
		Release|Any CPU = Release|Any CPU
	EndGlobalSection
	GlobalSection(ProjectConfigurationPlatforms) = postSolution
		{56CA2990-1C0C-4FED-B215-074AFA8C232D}.Debug|Any CPU.ActiveCfg = Debug|Any CPU
		{56CA2990-1C0C-4FED-B215-074AFA8C232D}.Debug|Any CPU.Build.0 = Debug|Any CPU
		{56CA2990-1C0C-4FED-B215-074AFA8C232D}.Release|Any CPU.ActiveCfg = Release|Any CPU
		{56CA2990-1C0C-4FED-B215-074AFA8C232D}.Release|Any CPU.Build.0 = Release|Any CPU
	EndGlobalSection
	GlobalSection(SolutionProperties) = preSolution
		HideSolutionNode = FALSE
	EndGlobalSection
	GlobalSection(ExtensibilityGlobals) = postSolution
		SolutionGuid = {B5C33549-848A-4DA5-8FD7-728994AD8262}
	EndGlobalSection
EndGlobal
